
Microsoft Visual Studio Solution File, Format Version 12.00
# Visual Studio Version 16
VisualStudioVersion = 16.0.30104.148
MinimumVisualStudioVersion = 10.0.40219.1
Project("{2150E333-8FDC-42A3-9474-1A3956D46DE8}") = "linqpad scripts", "linqpad scripts", "{C8228069-5C11-4071-A508-2E48E5C2F901}"
	ProjectSection(SolutionItems) = preProject
		linqpad\ConnectionTest.linq = linqpad\ConnectionTest.linq
		linqpad\iracing_env_variables_test.linq = linqpad\iracing_env_variables_test.linq
	EndProjectSection
EndProject
Project("{FAE04EC0-301F-11D3-BF4B-00C04F79EFBC}") = "RacersLeaderboard", "RacersLeaderboard\RacersLeaderboard.csproj", "{9E55BAD4-D6B7-4643-8494-B58C536B3732}"
EndProject
Global
	GlobalSection(SolutionConfigurationPlatforms) = preSolution
		Debug|Any CPU = Debug|Any CPU
		Release|Any CPU = Release|Any CPU
	EndGlobalSection
	GlobalSection(ProjectConfigurationPlatforms) = postSolution
		{9E55BAD4-D6B7-4643-8494-B58C536B3732}.Debug|Any CPU.ActiveCfg = Debug|Any CPU
		{9E55BAD4-D6B7-4643-8494-B58C536B3732}.Debug|Any CPU.Build.0 = Debug|Any CPU
		{9E55BAD4-D6B7-4643-8494-B58C536B3732}.Release|Any CPU.ActiveCfg = Release|Any CPU
		{9E55BAD4-D6B7-4643-8494-B58C536B3732}.Release|Any CPU.Build.0 = Release|Any CPU
	EndGlobalSection
	GlobalSection(SolutionProperties) = preSolution
		HideSolutionNode = FALSE
	EndGlobalSection
	GlobalSection(ExtensibilityGlobals) = postSolution
		SolutionGuid = {40ACD37C-29DB-41BE-98D8-10521C294881}
	EndGlobalSection
EndGlobal
